
Microsoft Visual Studio Solution File, Format Version 12.00
# Visual Studio Version 16
VisualStudioVersion = 16.0.30114.105
MinimumVisualStudioVersion = 10.0.40219.1
Project("{FAE04EC0-301F-11D3-BF4B-00C04F79EFBC}") = "ExemploConstrutores", "ExemploConstrutores\ExemploConstrutores.csproj", "{47998D32-DDB2-4850-A891-3BAE7069B850}"
EndProject
Global
	GlobalSection(SolutionConfigurationPlatforms) = preSolution
		Debug|Any CPU = Debug|Any CPU
		Release|Any CPU = Release|Any CPU
	EndGlobalSection
	GlobalSection(SolutionProperties) = preSolution
		HideSolutionNode = FALSE
	EndGlobalSection
	GlobalSection(ProjectConfigurationPlatforms) = postSolution
		{47998D32-DDB2-4850-A891-3BAE7069B850}.Debug|Any CPU.ActiveCfg = Debug|Any CPU
		{47998D32-DDB2-4850-A891-3BAE7069B850}.Debug|Any CPU.Build.0 = Debug|Any CPU
		{47998D32-DDB2-4850-A891-3BAE7069B850}.Release|Any CPU.ActiveCfg = Release|Any CPU
		{47998D32-DDB2-4850-A891-3BAE7069B850}.Release|Any CPU.Build.0 = Release|Any CPU
	EndGlobalSection
EndGlobal
